
Microsoft Visual Studio Solution File, Format Version 12.00
# Visual Studio Version 17
VisualStudioVersion = 17.13.35806.99 d17.13
MinimumVisualStudioVersion = 10.0.40219.1
Project("{FAE04EC0-301F-11D3-BF4B-00C04F79EFBC}") = "NewsAnalysisAPI", "NewsAnalysisAPI\NewsAnalysisAPI.csproj", "{F570FB80-CB6C-40F7-AEA9-65368C560EDD}"
EndProject
Global
	GlobalSection(SolutionConfigurationPlatforms) = preSolution
		Debug|Any CPU = Debug|Any CPU
		Release|Any CPU = Release|Any CPU
	EndGlobalSection
	GlobalSection(ProjectConfigurationPlatforms) = postSolution
		{F570FB80-CB6C-40F7-AEA9-65368C560EDD}.Debug|Any CPU.ActiveCfg = Debug|Any CPU
		{F570FB80-CB6C-40F7-AEA9-65368C560EDD}.Debug|Any CPU.Build.0 = Debug|Any CPU
		{F570FB80-CB6C-40F7-AEA9-65368C560EDD}.Release|Any CPU.ActiveCfg = Release|Any CPU
		{F570FB80-CB6C-40F7-AEA9-65368C560EDD}.Release|Any CPU.Build.0 = Release|Any CPU
	EndGlobalSection
	GlobalSection(SolutionProperties) = preSolution
		HideSolutionNode = FALSE
	EndGlobalSection
	GlobalSection(ExtensibilityGlobals) = postSolution
		SolutionGuid = {A0DC781B-7484-48FD-A634-4B45004B4BE3}
	EndGlobalSection
EndGlobal
